# This file is automatically @generated by Poetry 1.4.1 and should not be changed by hand.

[[package]]
name = "pyobjc-core"
version = "9.1.1"
description = "Python<->ObjC Interoperability Module"
category = "main"
optional = false
python-versions = ">=3.7"
files = [
    {file = "pyobjc-core-9.1.1.tar.gz", hash = "sha256:4b6cb9053b5fcd3c0e76b8c8105a8110786b20f3403c5643a688c5ec51c55c6b"},
    {file = "pyobjc_core-9.1.1-cp310-cp310-macosx_10_9_universal2.whl", hash = "sha256:4bd07049fd9fe5b40e4b7c468af9cf942508387faf383a5acb043d20627bad2c"},
    {file = "pyobjc_core-9.1.1-cp311-cp311-macosx_10_9_universal2.whl", hash = "sha256:1a8307527621729ff2ab67860e7ed84f76ad0da881b248c2ef31e0da0088e4ba"},
    {file = "pyobjc_core-9.1.1-cp37-cp37m-macosx_10_9_x86_64.whl", hash = "sha256:083004d28b92ccb483a41195c600728854843b0486566aba2d6e63eef51f80e6"},
    {file = "pyobjc_core-9.1.1-cp38-cp38-macosx_10_9_x86_64.whl", hash = "sha256:d61e9517d451bc062a7fae8b3648f4deba4fa54a24926fa1cf581b90ef4ced5a"},
    {file = "pyobjc_core-9.1.1-cp38-cp38-macosx_11_0_universal2.whl", hash = "sha256:1626909916603a3b04c07c721cf1af0e0b892cec85bb3db98d05ba024f1786fc"},
    {file = "pyobjc_core-9.1.1-cp39-cp39-macosx_10_9_universal2.whl", hash = "sha256:2dde96462b52e952515d142e2afbb6913624a02c13582047e06211e6c3993728"},
]

[[package]]
name = "pyobjc-framework-cocoa"
version = "9.1.1"
description = "Wrappers for the Cocoa frameworks on macOS"
category = "main"
optional = false
python-versions = ">=3.7"
files = [
    {file = "pyobjc-framework-Cocoa-9.1.1.tar.gz", hash = "sha256:345c32b6d1f3db45f635e400f2d0d6c0f0f7349d45ec823f76fc1df43d13caeb"},
    {file = "pyobjc_framework_Cocoa-9.1.1-cp310-cp310-macosx_10_9_universal2.whl", hash = "sha256:9176a4276f3b4b4758e9b9ca10698be5341ceffaeaa4fa055133417179e6bc37"},
    {file = "pyobjc_framework_Cocoa-9.1.1-cp311-cp311-macosx_10_9_universal2.whl", hash = "sha256:5e1e96fb3461f46ff951413515f2029e21be268b0e033db6abee7b64ec8e93d3"},
    {file = "pyobjc_framework_Cocoa-9.1.1-cp37-cp37m-macosx_10_9_x86_64.whl", hash = "sha256:083b195c496d30c6b9dd86126a6093c4b95e0138e9b052b13e54103fcc0b4872"},
    {file = "pyobjc_framework_Cocoa-9.1.1-cp38-cp38-macosx_10_9_x86_64.whl", hash = "sha256:a1b3333b1aa045608848bd68bbab4c31171f36aeeaa2fabeb4527c6f6f1e33cd"},
    {file = "pyobjc_framework_Cocoa-9.1.1-cp38-cp38-macosx_11_0_universal2.whl", hash = "sha256:54c017354671f0d955432986c42218e452ca69906a101c8e7acde8510432303a"},
    {file = "pyobjc_framework_Cocoa-9.1.1-cp39-cp39-macosx_10_9_universal2.whl", hash = "sha256:10c0075688ce95b92caf59e368585fffdcc98c919bc345067af070222f5d01d2"},
]

[package.dependencies]
pyobjc-core = ">=9.1.1"

[[package]]
name = "rumps"
version = "0.4.0"
description = "Ridiculously Uncomplicated MacOS Python Statusbar apps."
category = "main"
optional = false
python-versions = "*"
files = [
    {file = "rumps-0.4.0.tar.gz", hash = "sha256:17fb33c21b54b1e25db0d71d1d793dc19dc3c0b7d8c79dc6d833d0cffc8b1596"},
]

[package.dependencies]
pyobjc-framework-Cocoa = "*"

[package.extras]
dev = ["pytest (>=4.3)", "pytest-mock (>=2.0.0)", "tox (>=3.8)"]

[metadata]
lock-version = "2.0"
python-versions = "^3.10"
content-hash = "d8a5d6e79ad43f10ed90c4eea279543b99b920cab10e6d8a599ddd1c40a19eac"
